
Microsoft Visual Studio Solution File, Format Version 12.00
# Visual Studio Version 16
VisualStudioVersion = 16.0.30621.155
MinimumVisualStudioVersion = 10.0.40219.1
Project("{FAE04EC0-301F-11D3-BF4B-00C04F79EFBC}") = "GizmoWebApi", "GizmoWebApi\GizmoWebApi.csproj", "{6FE32B5D-8E73-46FB-85E7-8B4FDB4CD987}"
EndProject
Project("{FAE04EC0-301F-11D3-BF4B-00C04F79EFBC}") = "GizmoWebClient", "GizmoWebClient\GizmoWebClient.csproj", "{3334101C-353C-448C-BEBB-92506BB97222}"
EndProject
Global
	GlobalSection(SolutionConfigurationPlatforms) = preSolution
		Debug|Any CPU = Debug|Any CPU
		Release|Any CPU = Release|Any CPU
	EndGlobalSection
	GlobalSection(ProjectConfigurationPlatforms) = postSolution
		{6FE32B5D-8E73-46FB-85E7-8B4FDB4CD987}.Debug|Any CPU.ActiveCfg = Debug|Any CPU
		{6FE32B5D-8E73-46FB-85E7-8B4FDB4CD987}.Debug|Any CPU.Build.0 = Debug|Any CPU
		{6FE32B5D-8E73-46FB-85E7-8B4FDB4CD987}.Release|Any CPU.ActiveCfg = Release|Any CPU
		{6FE32B5D-8E73-46FB-85E7-8B4FDB4CD987}.Release|Any CPU.Build.0 = Release|Any CPU
		{3334101C-353C-448C-BEBB-92506BB97222}.Debug|Any CPU.ActiveCfg = Debug|Any CPU
		{3334101C-353C-448C-BEBB-92506BB97222}.Debug|Any CPU.Build.0 = Debug|Any CPU
		{3334101C-353C-448C-BEBB-92506BB97222}.Release|Any CPU.ActiveCfg = Release|Any CPU
		{3334101C-353C-448C-BEBB-92506BB97222}.Release|Any CPU.Build.0 = Release|Any CPU
	EndGlobalSection
	GlobalSection(SolutionProperties) = preSolution
		HideSolutionNode = FALSE
	EndGlobalSection
	GlobalSection(ExtensibilityGlobals) = postSolution
		SolutionGuid = {C27EA277-0306-4D29-879C-A54ABA1418FC}
	EndGlobalSection
EndGlobal
